// !$*UTF8*$!
{
	archiveVersion = 1;
	classes = {
	};
	objectVersion = 46;
	objects = {

/* Begin PBXBuildFile section */
		6CBEC7B21C86092900269FDD /* AppDelegate.swift in Sources */ = {isa = PBXBuildFile; fileRef = 6CBEC7B11C86092900269FDD /* AppDelegate.swift */; };
		6CBEC7B41C86092900269FDD /* ViewController.swift in Sources */ = {isa = PBXBuildFile; fileRef = 6CBEC7B31C86092900269FDD /* ViewController.swift */; };
		6CBEC7B71C86092900269FDD /* Main.storyboard in Resources */ = {isa = PBXBuildFile; fileRef = 6CBEC7B51C86092900269FDD /* Main.storyboard */; };
		6CBEC7B91C86092900269FDD /* Assets.xcassets in Resources */ = {isa = PBXBuildFile; fileRef = 6CBEC7B81C86092900269FDD /* Assets.xcassets */; };
		6CBEC7BC1C86092900269FDD /* LaunchScreen.storyboard in Resources */ = {isa = PBXBuildFile; fileRef = 6CBEC7BA1C86092900269FDD /* LaunchScreen.storyboard */; };
		6CBEC7C51C860B1400269FDD /* Accelerometer.swift in Sources */ = {isa = PBXBuildFile; fileRef = 6CBEC7C41C860B1400269FDD /* Accelerometer.swift */; };
		6CBEC7C71C860BA500269FDD /* AccelerometerTest.swift in Sources */ = {isa = PBXBuildFile; fileRef = 6CBEC7C61C860BA500269FDD /* AccelerometerTest.swift */; };
		6CBEC7CA1C86162200269FDD /* cmdm-axes.png in Resources */ = {isa = PBXBuildFile; fileRef = 6CBEC7C91C86162200269FDD /* cmdm-axes.png */; };
		6CBEC7CC1C8631F200269FDD /* ReadAndWrite.swift in Sources */ = {isa = PBXBuildFile; fileRef = 6CBEC7CB1C8631F200269FDD /* ReadAndWrite.swift */; };
		6CEBA2DF1C8637F30021A7B5 /* CoreMotionWriter.swift in Sources */ = {isa = PBXBuildFile; fileRef = 6CEBA2DE1C8637F30021A7B5 /* CoreMotionWriter.swift */; };
/* End PBXBuildFile section */

/* Begin PBXFileReference section */
		6CBEC7AE1C86092900269FDD /* CoreMotionDataExtractor.app */ = {isa = PBXFileReference; explicitFileType = wrapper.application; includeInIndex = 0; path = CoreMotionDataExtractor.app; sourceTree = BUILT_PRODUCTS_DIR; };
		6CBEC7B11C86092900269FDD /* AppDelegate.swift */ = {isa = PBXFileReference; lastKnownFileType = sourcecode.swift; path = AppDelegate.swift; sourceTree = "<group>"; };
		6CBEC7B31C86092900269FDD /* ViewController.swift */ = {isa = PBXFileReference; lastKnownFileType = sourcecode.swift; path = ViewController.swift; sourceTree = "<group>"; };
		6CBEC7B61C86092900269FDD /* Base */ = {isa = PBXFileReference; lastKnownFileType = file.storyboard; name = Base; path = Base.lproj/Main.storyboard; sourceTree = "<group>"; };
		6CBEC7B81C86092900269FDD /* Assets.xcassets */ = {isa = PBXFileReference; lastKnownFileType = folder.assetcatalog; path = Assets.xcassets; sourceTree = "<group>"; };
		6CBEC7BB1C86092900269FDD /* Base */ = {isa = PBXFileReference; lastKnownFileType = file.storyboard; name = Base; path = Base.lproj/LaunchScreen.storyboard; sourceTree = "<group>"; };
		6CBEC7BD1C86092900269FDD /* Info.plist */ = {isa = PBXFileReference; lastKnownFileType = text.plist.xml; path = Info.plist; sourceTree = "<group>"; };
		6CBEC7C41C860B1400269FDD /* Accelerometer.swift */ = {isa = PBXFileReference; fileEncoding = 4; lastKnownFileType = sourcecode.swift; path = Accelerometer.swift; sourceTree = "<group>"; };
		6CBEC7C61C860BA500269FDD /* AccelerometerTest.swift */ = {isa = PBXFileReference; fileEncoding = 4; lastKnownFileType = sourcecode.swift; path = AccelerometerTest.swift; sourceTree = "<group>"; };
		6CBEC7C91C86162200269FDD /* cmdm-axes.png */ = {isa = PBXFileReference; lastKnownFileType = image.png; path = "cmdm-axes.png"; sourceTree = "<group>"; };
		6CBEC7CB1C8631F200269FDD /* ReadAndWrite.swift */ = {isa = PBXFileReference; fileEncoding = 4; lastKnownFileType = sourcecode.swift; path = ReadAndWrite.swift; sourceTree = "<group>"; };
		6CEBA2DE1C8637F30021A7B5 /* CoreMotionWriter.swift */ = {isa = PBXFileReference; fileEncoding = 4; lastKnownFileType = sourcecode.swift; path = CoreMotionWriter.swift; sourceTree = "<group>"; };
/* End PBXFileReference section */

/* Begin PBXFrameworksBuildPhase section */
		6CBEC7AB1C86092900269FDD /* Frameworks */ = {
			isa = PBXFrameworksBuildPhase;
			buildActionMask = 2147483647;
			files = (
			);
			runOnlyForDeploymentPostprocessing = 0;
		};
/* End PBXFrameworksBuildPhase section */

/* Begin PBXGroup section */
		6CBEC7A51C86092900269FDD = {
			isa = PBXGroup;
			children = (
				6CBEC7B01C86092900269FDD /* CoreMotionDataExtractor */,
				6CBEC7AF1C86092900269FDD /* Products */,
			);
			sourceTree = "<group>";
		};
		6CBEC7AF1C86092900269FDD /* Products */ = {
			isa = PBXGroup;
			children = (
				6CBEC7AE1C86092900269FDD /* CoreMotionDataExtractor.app */,
			);
			name = Products;
			sourceTree = "<group>";
		};
		6CBEC7B01C86092900269FDD /* CoreMotionDataExtractor */ = {
			isa = PBXGroup;
			children = (
				6CBEC7C81C8615FC00269FDD /* Resources */,
				6CBEC7C31C86095800269FDD /* Model */,
				6CBEC7B11C86092900269FDD /* AppDelegate.swift */,
				6CBEC7B31C86092900269FDD /* ViewController.swift */,
				6CBEC7B51C86092900269FDD /* Main.storyboard */,
				6CBEC7B81C86092900269FDD /* Assets.xcassets */,
				6CBEC7BA1C86092900269FDD /* LaunchScreen.storyboard */,
				6CBEC7BD1C86092900269FDD /* Info.plist */,
			);
			path = CoreMotionDataExtractor;
			sourceTree = "<group>";
		};
		6CBEC7C31C86095800269FDD /* Model */ = {
			isa = PBXGroup;
			children = (
				6CBEC7C41C860B1400269FDD /* Accelerometer.swift */,
				6CBEC7C61C860BA500269FDD /* AccelerometerTest.swift */,
				6CBEC7CB1C8631F200269FDD /* ReadAndWrite.swift */,
				6CEBA2DE1C8637F30021A7B5 /* CoreMotionWriter.swift */,
			);
			path = Model;
			sourceTree = "<group>";
		};
		6CBEC7C81C8615FC00269FDD /* Resources */ = {
			isa = PBXGroup;
			children = (
				6CBEC7C91C86162200269FDD /* cmdm-axes.png */,
			);
			path = Resources;
			sourceTree = "<group>";
		};
/* End PBXGroup section */

/* Begin PBXNativeTarget section */
		6CBEC7AD1C86092900269FDD /* CoreMotionDataExtractor */ = {
			isa = PBXNativeTarget;
			buildConfigurationList = 6CBEC7C01C86092900269FDD /* Build configuration list for PBXNativeTarget "CoreMotionDataExtractor" */;
			buildPhases = (
				6CBEC7AA1C86092900269FDD /* Sources */,
				6CBEC7AB1C86092900269FDD /* Frameworks */,
				6CBEC7AC1C86092900269FDD /* Resources */,
			);
			buildRules = (
			);
			dependencies = (
			);
			name = CoreMotionDataExtractor;
			productName = CoreMotionDataExtractor;
			productReference = 6CBEC7AE1C86092900269FDD /* CoreMotionDataExtractor.app */;
			productType = "com.apple.product-type.application";
		};
/* End PBXNativeTarget section */

/* Begin PBXProject section */
		6CBEC7A61C86092900269FDD /* Project object */ = {
			isa = PBXProject;
			attributes = {
				LastSwiftUpdateCheck = 0730;
				LastUpgradeCheck = 0730;
				ORGANIZATIONNAME = "Amedeo Setti";
				TargetAttributes = {
					6CBEC7AD1C86092900269FDD = {
						CreatedOnToolsVersion = 7.3;
						DevelopmentTeam = 7TG75W542X;
					};
				};
			};
			buildConfigurationList = 6CBEC7A91C86092900269FDD /* Build configuration list for PBXProject "CoreMotionDataExtractor" */;
			compatibilityVersion = "Xcode 3.2";
			developmentRegion = English;
			hasScannedForEncodings = 0;
			knownRegions = (
				en,
				Base,
			);
			mainGroup = 6CBEC7A51C86092900269FDD;
			productRefGroup = 6CBEC7AF1C86092900269FDD /* Products */;
			projectDirPath = "";
			projectRoot = "";
			targets = (
				6CBEC7AD1C86092900269FDD /* CoreMotionDataExtractor */,
			);
		};
/* End PBXProject section */

/* Begin PBXResourcesBuildPhase section */
		6CBEC7AC1C86092900269FDD /* Resources */ = {
			isa = PBXResourcesBuildPhase;
			buildActionMask = 2147483647;
			files = (
				6CBEC7BC1C86092900269FDD /* LaunchScreen.storyboard in Resources */,
				6CBEC7B91C86092900269FDD /* Assets.xcassets in Resources */,
				6CBEC7B71C86092900269FDD /* Main.storyboard in Resources */,
				6CBEC7CA1C86162200269FDD /* cmdm-axes.png in Resources */,
			);
			runOnlyForDeploymentPostprocessing = 0;
		};
/* End PBXResourcesBuildPhase section */

/* Begin PBXSourcesBuildPhase section */
		6CBEC7AA1C86092900269FDD /* Sources */ = {
			isa = PBXSourcesBuildPhase;
			buildActionMask = 2147483647;
			files = (
				6CBEC7C51C860B1400269FDD /* Accelerometer.swift in Sources */,
				6CBEC7CC1C8631F200269FDD /* ReadAndWrite.swift in Sources */,
				6CBEC7C71C860BA500269FDD /* AccelerometerTest.swift in Sources */,
				6CEBA2DF1C8637F30021A7B5 /* CoreMotionWriter.swift in Sources */,
				6CBEC7B41C86092900269FDD /* ViewController.swift in Sources */,
				6CBEC7B21C86092900269FDD /* AppDelegate.swift in Sources */,
			);
			runOnlyForDeploymentPostprocessing = 0;
		};
/* End PBXSourcesBuildPhase section */

/* Begin PBXVariantGroup section */
		6CBEC7B51C86092900269FDD /* Main.storyboard */ = {
			isa = PBXVariantGroup;
			children = (
				6CBEC7B61C86092900269FDD /* Base */,
			);
			name = Main.storyboard;
			sourceTree = "<group>";
		};
		6CBEC7BA1C86092900269FDD /* LaunchScreen.storyboard */ = {
			isa = PBXVariantGroup;
			children = (
				6CBEC7BB1C86092900269FDD /* Base */,
			);
			name = LaunchScreen.storyboard;
			sourceTree = "<group>";
		};
/* End PBXVariantGroup section */

/* Begin XCBuildConfiguration section */
		6CBEC7BE1C86092900269FDD /* Debug */ = {
			isa = XCBuildConfiguration;
			buildSettings = {
				ALWAYS_SEARCH_USER_PATHS = NO;
				CLANG_CXX_LANGUAGE_STANDARD = "gnu++0x";
				CLANG_CXX_LIBRARY = "libc++";
				CLANG_ENABLE_MODULES = YES;
				CLANG_ENABLE_OBJC_ARC = YES;
				CLANG_WARN_BOOL_CONVERSION = YES;
				CLANG_WARN_CONSTANT_CONVERSION = YES;
				CLANG_WARN_DIRECT_OBJC_ISA_USAGE = YES_ERROR;
				CLANG_WARN_EMPTY_BODY = YES;
				CLANG_WARN_ENUM_CONVERSION = YES;
				CLANG_WARN_INT_CONVERSION = YES;
				CLANG_WARN_OBJC_ROOT_CLASS = YES_ERROR;
				CLANG_WARN_UNREACHABLE_CODE = YES;
				CLANG_WARN__DUPLICATE_METHOD_MATCH = YES;
				"CODE_SIGN_IDENTITY[sdk=iphoneos*]" = "iPhone Developer";
				COPY_PHASE_STRIP = NO;
				DEBUG_INFORMATION_FORMAT = dwarf;
				ENABLE_STRICT_OBJC_MSGSEND = YES;
				ENABLE_TESTABILITY = YES;
				GCC_C_LANGUAGE_STANDARD = gnu99;
				GCC_DYNAMIC_NO_PIC = NO;
				GCC_NO_COMMON_BLOCKS = YES;
				GCC_OPTIMIZATION_LEVEL = 0;
				GCC_PREPROCESSOR_DEFINITIONS = (
					"DEBUG=1",
					"$(inherited)",
				);
				GCC_WARN_64_TO_32_BIT_CONVERSION = YES;
				GCC_WARN_ABOUT_RETURN_TYPE = YES_ERROR;
				GCC_WARN_UNDECLARED_SELECTOR = YES;
				GCC_WARN_UNINITIALIZED_AUTOS = YES_AGGRESSIVE;
				GCC_WARN_UNUSED_FUNCTION = YES;
				GCC_WARN_UNUSED_VARIABLE = YES;
				IPHONEOS_DEPLOYMENT_TARGET = 9.3;
				MTL_ENABLE_DEBUG_INFO = YES;
				ONLY_ACTIVE_ARCH = YES;
				SDKROOT = iphoneos;
				SWIFT_OPTIMIZATION_LEVEL = "-Onone";
				TARGETED_DEVICE_FAMILY = "1,2";
			};
			name = Debug;
		};
		6CBEC7BF1C86092900269FDD /* Release */ = {
			isa = XCBuildConfiguration;
			buildSettings = {
				ALWAYS_SEARCH_USER_PATHS = NO;
				CLANG_CXX_LANGUAGE_STANDARD = "gnu++0x";
				CLANG_CXX_LIBRARY = "libc++";
				CLANG_ENABLE_MODULES = YES;
				CLANG_ENABLE_OBJC_ARC = YES;
				CLANG_WARN_BOOL_CONVERSION = YES;
				CLANG_WARN_CONSTANT_CONVERSION = YES;
				CLANG_WARN_DIRECT_OBJC_ISA_USAGE = YES_ERROR;
				CLANG_WARN_EMPTY_BODY = YES;
				CLANG_WARN_ENUM_CONVERSION = YES;
				CLANG_WARN_INT_CONVERSION = YES;
				CLANG_WARN_OBJC_ROOT_CLASS = YES_ERROR;
				CLANG_WARN_UNREACHABLE_CODE = YES;
				CLANG_WARN__DUPLICATE_METHOD_MATCH = YES;
				"CODE_SIGN_IDENTITY[sdk=iphoneos*]" = "iPhone Developer";
				COPY_PHASE_STRIP = NO;
				DEBUG_INFORMATION_FORMAT = "dwarf-with-dsym";
				ENABLE_NS_ASSERTIONS = NO;
				ENABLE_STRICT_OBJC_MSGSEND = YES;
				GCC_C_LANGUAGE_STANDARD = gnu99;
				GCC_NO_COMMON_BLOCKS = YES;
				GCC_WARN_64_TO_32_BIT_CONVERSION = YES;
				GCC_WARN_ABOUT_RETURN_TYPE = YES_ERROR;
				GCC_WARN_UNDECLARED_SELECTOR = YES;
				GCC_WARN_UNINITIALIZED_AUTOS = YES_AGGRESSIVE;
				GCC_WARN_UNUSED_FUNCTION = YES;
				GCC_WARN_UNUSED_VARIABLE = YES;
				IPHONEOS_DEPLOYMENT_TARGET = 9.3;
				MTL_ENABLE_DEBUG_INFO = NO;
				SDKROOT = iphoneos;
				TARGETED_DEVICE_FAMILY = "1,2";
				VALIDATE_PRODUCT = YES;
			};
			name = Release;
		};
		6CBEC7C11C86092900269FDD /* Debug */ = {
			isa = XCBuildConfiguration;
			buildSettings = {
				ASSETCATALOG_COMPILER_APPICON_NAME = AppIcon;
				CODE_SIGN_IDENTITY = "iPhone Developer";
				"CODE_SIGN_IDENTITY[sdk=iphoneos*]" = "iPhone Developer";
				INFOPLIST_FILE = CoreMotionDataExtractor/Info.plist;
				LD_RUNPATH_SEARCH_PATHS = "$(inherited) @executable_path/Frameworks";
				PRODUCT_BUNDLE_IDENTIFIER = AmedeoSetti.CoreMotionDataExtractor;
				PRODUCT_NAME = "$(TARGET_NAME)";
				PROVISIONING_PROFILE = "";
			};
			name = Debug;
		};
		6CBEC7C21C86092900269FDD /* Release */ = {
			isa = XCBuildConfiguration;
			buildSettings = {
				ASSETCATALOG_COMPILER_APPICON_NAME = AppIcon;
				CODE_SIGN_IDENTITY = "iPhone Developer";
				"CODE_SIGN_IDENTITY[sdk=iphoneos*]" = "iPhone Developer";
				INFOPLIST_FILE = CoreMotionDataExtractor/Info.plist;
				LD_RUNPATH_SEARCH_PATHS = "$(inherited) @executable_path/Frameworks";
				PRODUCT_BUNDLE_IDENTIFIER = AmedeoSetti.CoreMotionDataExtractor;
				PRODUCT_NAME = "$(TARGET_NAME)";
				PROVISIONING_PROFILE = "";
			};
			name = Release;
		};
/* End XCBuildConfiguration section */

/* Begin XCConfigurationList section */
		6CBEC7A91C86092900269FDD /* Build configuration list for PBXProject "CoreMotionDataExtractor" */ = {
			isa = XCConfigurationList;
			buildConfigurations = (
				6CBEC7BE1C86092900269FDD /* Debug */,
				6CBEC7BF1C86092900269FDD /* Release */,
			);
			defaultConfigurationIsVisible = 0;
			defaultConfigurationName = Release;
		};
		6CBEC7C01C86092900269FDD /* Build configuration list for PBXNativeTarget "CoreMotionDataExtractor" */ = {
			isa = XCConfigurationList;
			buildConfigurations = (
				6CBEC7C11C86092900269FDD /* Debug */,
				6CBEC7C21C86092900269FDD /* Release */,
			);
			defaultConfigurationIsVisible = 0;
			defaultConfigurationName = Release;
		};
/* End XCConfigurationList section */
	};
	rootObject = 6CBEC7A61C86092900269FDD /* Project object */;
}
